
Microsoft Visual Studio Solution File, Format Version 12.00
# Visual Studio Version 17
VisualStudioVersion = 17.0.31903.59
MinimumVisualStudioVersion = 10.0.40219.1
Project("{2150E333-8FDC-42A3-9474-1A3956D46DE8}") = "src", "src", "{6823CBE7-0177-4BFF-BE8B-644F1E5AD0A9}"
EndProject
Project("{FAE04EC0-301F-11D3-BF4B-00C04F79EFBC}") = "ControleEstoque.API", "src\ControleEstoque.API\ControleEstoque.API.csproj", "{9C7C3119-D2BB-44E3-A449-90FF20B0629B}"
EndProject
Project("{2150E333-8FDC-42A3-9474-1A3956D46DE8}") = "tests", "tests", "{4E15AB92-A28D-44A9-AE96-BCE3C7B2EA5A}"
EndProject
Project("{FAE04EC0-301F-11D3-BF4B-00C04F79EFBC}") = "ControleEstoque.API.Tests", "tests\ControleEstoque.API.Tests\ControleEstoque.API.Tests.csproj", "{5CC26EE9-AFCD-4495-B4CF-EFE9B7CCFFD9}"
EndProject
Global
	GlobalSection(SolutionConfigurationPlatforms) = preSolution
		Debug|Any CPU = Debug|Any CPU
		Release|Any CPU = Release|Any CPU
	EndGlobalSection
	GlobalSection(SolutionProperties) = preSolution
		HideSolutionNode = FALSE
	EndGlobalSection
	GlobalSection(ProjectConfigurationPlatforms) = postSolution
		{9C7C3119-D2BB-44E3-A449-90FF20B0629B}.Debug|Any CPU.ActiveCfg = Debug|Any CPU
		{9C7C3119-D2BB-44E3-A449-90FF20B0629B}.Debug|Any CPU.Build.0 = Debug|Any CPU
		{9C7C3119-D2BB-44E3-A449-90FF20B0629B}.Release|Any CPU.ActiveCfg = Release|Any CPU
		{9C7C3119-D2BB-44E3-A449-90FF20B0629B}.Release|Any CPU.Build.0 = Release|Any CPU
		{5CC26EE9-AFCD-4495-B4CF-EFE9B7CCFFD9}.Debug|Any CPU.ActiveCfg = Debug|Any CPU
		{5CC26EE9-AFCD-4495-B4CF-EFE9B7CCFFD9}.Debug|Any CPU.Build.0 = Debug|Any CPU
		{5CC26EE9-AFCD-4495-B4CF-EFE9B7CCFFD9}.Release|Any CPU.ActiveCfg = Release|Any CPU
		{5CC26EE9-AFCD-4495-B4CF-EFE9B7CCFFD9}.Release|Any CPU.Build.0 = Release|Any CPU
	EndGlobalSection
	GlobalSection(NestedProjects) = preSolution
		{9C7C3119-D2BB-44E3-A449-90FF20B0629B} = {6823CBE7-0177-4BFF-BE8B-644F1E5AD0A9}
		{5CC26EE9-AFCD-4495-B4CF-EFE9B7CCFFD9} = {4E15AB92-A28D-44A9-AE96-BCE3C7B2EA5A}
	EndGlobalSection
EndGlobal
